%{"bstr": {:git, "https://github.com/jcomellas/bstr.git", "56017bdf6c98e9975f45b29c4af7d9d0854aaefd", [ref: "master"]},
  "conform": {:hex, :conform, "0.11.0"},
  "cowboy": {:hex, :cowboy, "1.0.0"},
  "cowlib": {:hex, :cowlib, "1.0.1"},
  "ehl7": {:git, "https://github.com/jcomellas/ehl7", "93d67c00b95ea11e461e484ccfebc97044cae0ee", []},
  "exrm": {:hex, :exrm, "0.14.17"},
  "getopt": {:git, "https://github.com/jcomellas/getopt.git", "626698975e63866156159661d100785d65eab6f9", [ref: "master"]},
  "hackney": {:hex, :hackney, "1.0.6"},
  "httpoison": {:hex, :httpoison, "0.6.0"},
  "httpotion": {:hex, :httpotion, "2.0.0"},
  "idna": {:hex, :idna, "1.0.2"},
  "json": {:hex, :json, "0.3.2"},
  "phoenix": {:hex, :phoenix, "0.11.0"},
  "plug": {:hex, :plug, "0.11.3"},
  "poison": {:hex, :poison, "1.4.0"},
  "ranch": {:hex, :ranch, "1.0.0"},
  "ssl_verify_hostname": {:hex, :ssl_verify_hostname, "1.0.1"}}
