%{"bstr": {:git, "https://github.com/jcomellas/bstr.git", "29e06372940a71c368ff6fb6298546147699d40e", [ref: "master"]},
  "cowboy": {:package, "1.0.0"},
  "cowlib": {:package, "1.0.0"},
  "ehl7": {:git, "https://github.com/jcomellas/ehl7", "93d67c00b95ea11e461e484ccfebc97044cae0ee", []},
  "getopt": {:git, "https://github.com/jcomellas/getopt.git", "626698975e63866156159661d100785d65eab6f9", [ref: "master"]},
  "hackney": {:package, "0.14.1"},
  "herl7": {:git, "https://github.com/TreyE/herl7", "5bfa32d847f360411b21abf2bc22b591ec4b7c94", []},
  "httpoison": {:package, "0.5.0"},
  "idna": {:package, "1.0.1"},
  "linguist": {:package, "0.1.2"},
  "phoenix": {:package, "0.4.1"},
  "plug": {:package, "0.7.0"},
  "poison": {:package, "1.1.1"},
  "ranch": {:package, "1.0.0"}}
